// !$*UTF8*$!
{
	archiveVersion = 1;
	classes = {
	};
	objectVersion = 48;
	objects = {

/* Begin PBXBuildFile section */
		AB6F2C65AC81BA93F82AE2A5 /* Pods_StudyQuizIOS.framework in Frameworks */ = {isa = PBXBuildFile; fileRef = EDC9A5105354D4E9440E9BD3 /* Pods_StudyQuizIOS.framework */; };
		BF4EB3C11FDE914E009D9726 /* AppDelegate.swift in Sources */ = {isa = PBXBuildFile; fileRef = BF4EB3C01FDE914E009D9726 /* AppDelegate.swift */; };
		BF4EB3C31FDE914E009D9726 /* ViewController.swift in Sources */ = {isa = PBXBuildFile; fileRef = BF4EB3C21FDE914E009D9726 /* ViewController.swift */; };
		BF4EB3C61FDE914E009D9726 /* Main.storyboard in Resources */ = {isa = PBXBuildFile; fileRef = BF4EB3C41FDE914E009D9726 /* Main.storyboard */; };
		BF4EB3C91FDE914E009D9726 /* StudyQuizIOS.xcdatamodeld in Sources */ = {isa = PBXBuildFile; fileRef = BF4EB3C71FDE914E009D9726 /* StudyQuizIOS.xcdatamodeld */; };
		BF4EB3CB1FDE914E009D9726 /* Assets.xcassets in Resources */ = {isa = PBXBuildFile; fileRef = BF4EB3CA1FDE914E009D9726 /* Assets.xcassets */; };
		BF4EB3CE1FDE914E009D9726 /* LaunchScreen.storyboard in Resources */ = {isa = PBXBuildFile; fileRef = BF4EB3CC1FDE914E009D9726 /* LaunchScreen.storyboard */; };
/* End PBXBuildFile section */

/* Begin PBXFileReference section */
		337614DB5443C9FA152081F5 /* Pods-StudyQuizIOS.debug.xcconfig */ = {isa = PBXFileReference; includeInIndex = 1; lastKnownFileType = text.xcconfig; name = "Pods-StudyQuizIOS.debug.xcconfig"; path = "Pods/Target Support Files/Pods-StudyQuizIOS/Pods-StudyQuizIOS.debug.xcconfig"; sourceTree = "<group>"; };
		BF4EB3BD1FDE914E009D9726 /* StudyQuizIOS.app */ = {isa = PBXFileReference; explicitFileType = wrapper.application; includeInIndex = 0; path = StudyQuizIOS.app; sourceTree = BUILT_PRODUCTS_DIR; };
		BF4EB3C01FDE914E009D9726 /* AppDelegate.swift */ = {isa = PBXFileReference; lastKnownFileType = sourcecode.swift; path = AppDelegate.swift; sourceTree = "<group>"; };
		BF4EB3C21FDE914E009D9726 /* ViewController.swift */ = {isa = PBXFileReference; lastKnownFileType = sourcecode.swift; path = ViewController.swift; sourceTree = "<group>"; };
		BF4EB3C51FDE914E009D9726 /* Base */ = {isa = PBXFileReference; lastKnownFileType = file.storyboard; name = Base; path = Base.lproj/Main.storyboard; sourceTree = "<group>"; };
		BF4EB3C81FDE914E009D9726 /* StudyQuizIOS.xcdatamodel */ = {isa = PBXFileReference; lastKnownFileType = wrapper.xcdatamodel; path = StudyQuizIOS.xcdatamodel; sourceTree = "<group>"; };
		BF4EB3CA1FDE914E009D9726 /* Assets.xcassets */ = {isa = PBXFileReference; lastKnownFileType = folder.assetcatalog; path = Assets.xcassets; sourceTree = "<group>"; };
		BF4EB3CD1FDE914E009D9726 /* Base */ = {isa = PBXFileReference; lastKnownFileType = file.storyboard; name = Base; path = Base.lproj/LaunchScreen.storyboard; sourceTree = "<group>"; };
		BF4EB3CF1FDE914E009D9726 /* Info.plist */ = {isa = PBXFileReference; lastKnownFileType = text.plist.xml; path = Info.plist; sourceTree = "<group>"; };
		E73A0EFDDB55727E18C8FF95 /* Pods-StudyQuizIOS.release.xcconfig */ = {isa = PBXFileReference; includeInIndex = 1; lastKnownFileType = text.xcconfig; name = "Pods-StudyQuizIOS.release.xcconfig"; path = "Pods/Target Support Files/Pods-StudyQuizIOS/Pods-StudyQuizIOS.release.xcconfig"; sourceTree = "<group>"; };
		EDC9A5105354D4E9440E9BD3 /* Pods_StudyQuizIOS.framework */ = {isa = PBXFileReference; explicitFileType = wrapper.framework; includeInIndex = 0; path = Pods_StudyQuizIOS.framework; sourceTree = BUILT_PRODUCTS_DIR; };
/* End PBXFileReference section */

/* Begin PBXFrameworksBuildPhase section */
		BF4EB3BA1FDE914E009D9726 /* Frameworks */ = {
			isa = PBXFrameworksBuildPhase;
			buildActionMask = 2147483647;
			files = (
				AB6F2C65AC81BA93F82AE2A5 /* Pods_StudyQuizIOS.framework in Frameworks */,
			);
			runOnlyForDeploymentPostprocessing = 0;
		};
/* End PBXFrameworksBuildPhase section */

/* Begin PBXGroup section */
		8F6D3F762FF9A3EB79B705D9 /* Frameworks */ = {
			isa = PBXGroup;
			children = (
				EDC9A5105354D4E9440E9BD3 /* Pods_StudyQuizIOS.framework */,
			);
			name = Frameworks;
			sourceTree = "<group>";
		};
		BF4EB3B41FDE914E009D9726 = {
			isa = PBXGroup;
			children = (
				BF4EB3BF1FDE914E009D9726 /* StudyQuizIOS */,
				BF4EB3BE1FDE914E009D9726 /* Products */,
				F1CF265455D21F747AC1AC44 /* Pods */,
				8F6D3F762FF9A3EB79B705D9 /* Frameworks */,
			);
			sourceTree = "<group>";
		};
		BF4EB3BE1FDE914E009D9726 /* Products */ = {
			isa = PBXGroup;
			children = (
				BF4EB3BD1FDE914E009D9726 /* StudyQuizIOS.app */,
			);
			name = Products;
			sourceTree = "<group>";
		};
		BF4EB3BF1FDE914E009D9726 /* StudyQuizIOS */ = {
			isa = PBXGroup;
			children = (
				BF4EB3C01FDE914E009D9726 /* AppDelegate.swift */,
				BF4EB3C21FDE914E009D9726 /* ViewController.swift */,
				BF4EB3C41FDE914E009D9726 /* Main.storyboard */,
				BF4EB3CA1FDE914E009D9726 /* Assets.xcassets */,
				BF4EB3CC1FDE914E009D9726 /* LaunchScreen.storyboard */,
				BF4EB3CF1FDE914E009D9726 /* Info.plist */,
				BF4EB3C71FDE914E009D9726 /* StudyQuizIOS.xcdatamodeld */,
			);
			path = StudyQuizIOS;
			sourceTree = "<group>";
		};
		F1CF265455D21F747AC1AC44 /* Pods */ = {
			isa = PBXGroup;
			children = (
				337614DB5443C9FA152081F5 /* Pods-StudyQuizIOS.debug.xcconfig */,
				E73A0EFDDB55727E18C8FF95 /* Pods-StudyQuizIOS.release.xcconfig */,
			);
			name = Pods;
			sourceTree = "<group>";
		};
/* End PBXGroup section */

/* Begin PBXNativeTarget section */
		BF4EB3BC1FDE914E009D9726 /* StudyQuizIOS */ = {
			isa = PBXNativeTarget;
			buildConfigurationList = BF4EB3D21FDE914E009D9726 /* Build configuration list for PBXNativeTarget "StudyQuizIOS" */;
			buildPhases = (
				E93361540FD3A8DC29234C1D /* [CP] Check Pods Manifest.lock */,
				BF4EB3B91FDE914E009D9726 /* Sources */,
				BF4EB3BA1FDE914E009D9726 /* Frameworks */,
				BF4EB3BB1FDE914E009D9726 /* Resources */,
				BCFC3CF8029A98B94A70E4DC /* [CP] Embed Pods Frameworks */,
				6712E68B2102064B5546B85C /* [CP] Copy Pods Resources */,
			);
			buildRules = (
			);
			dependencies = (
			);
			name = StudyQuizIOS;
			productName = StudyQuizIOS;
			productReference = BF4EB3BD1FDE914E009D9726 /* StudyQuizIOS.app */;
			productType = "com.apple.product-type.application";
		};
/* End PBXNativeTarget section */

/* Begin PBXProject section */
		BF4EB3B51FDE914E009D9726 /* Project object */ = {
			isa = PBXProject;
			attributes = {
				LastSwiftUpdateCheck = 0920;
				LastUpgradeCheck = 0920;
				ORGANIZATIONNAME = "Nguyen The Phuong";
				TargetAttributes = {
					BF4EB3BC1FDE914E009D9726 = {
						CreatedOnToolsVersion = 9.2;
						ProvisioningStyle = Automatic;
					};
				};
			};
			buildConfigurationList = BF4EB3B81FDE914E009D9726 /* Build configuration list for PBXProject "StudyQuizIOS" */;
			compatibilityVersion = "Xcode 8.0";
			developmentRegion = en;
			hasScannedForEncodings = 0;
			knownRegions = (
				en,
				Base,
			);
			mainGroup = BF4EB3B41FDE914E009D9726;
			productRefGroup = BF4EB3BE1FDE914E009D9726 /* Products */;
			projectDirPath = "";
			projectRoot = "";
			targets = (
				BF4EB3BC1FDE914E009D9726 /* StudyQuizIOS */,
			);
		};
/* End PBXProject section */

/* Begin PBXResourcesBuildPhase section */
		BF4EB3BB1FDE914E009D9726 /* Resources */ = {
			isa = PBXResourcesBuildPhase;
			buildActionMask = 2147483647;
			files = (
				BF4EB3CE1FDE914E009D9726 /* LaunchScreen.storyboard in Resources */,
				BF4EB3CB1FDE914E009D9726 /* Assets.xcassets in Resources */,
				BF4EB3C61FDE914E009D9726 /* Main.storyboard in Resources */,
			);
			runOnlyForDeploymentPostprocessing = 0;
		};
/* End PBXResourcesBuildPhase section */

/* Begin PBXShellScriptBuildPhase section */
		6712E68B2102064B5546B85C /* [CP] Copy Pods Resources */ = {
			isa = PBXShellScriptBuildPhase;
			buildActionMask = 2147483647;
			files = (
			);
			inputPaths = (
			);
			name = "[CP] Copy Pods Resources";
			outputPaths = (
			);
			runOnlyForDeploymentPostprocessing = 0;
			shellPath = /bin/sh;
			shellScript = "\"${SRCROOT}/Pods/Target Support Files/Pods-StudyQuizIOS/Pods-StudyQuizIOS-resources.sh\"\n";
			showEnvVarsInLog = 0;
		};
		BCFC3CF8029A98B94A70E4DC /* [CP] Embed Pods Frameworks */ = {
			isa = PBXShellScriptBuildPhase;
			buildActionMask = 2147483647;
			files = (
			);
			inputPaths = (
				"${SRCROOT}/Pods/Target Support Files/Pods-StudyQuizIOS/Pods-StudyQuizIOS-frameworks.sh",
				"${BUILT_PRODUCTS_DIR}/Alamofire/Alamofire.framework",
			);
			name = "[CP] Embed Pods Frameworks";
			outputPaths = (
				"${TARGET_BUILD_DIR}/${FRAMEWORKS_FOLDER_PATH}/Alamofire.framework",
			);
			runOnlyForDeploymentPostprocessing = 0;
			shellPath = /bin/sh;
			shellScript = "\"${SRCROOT}/Pods/Target Support Files/Pods-StudyQuizIOS/Pods-StudyQuizIOS-frameworks.sh\"\n";
			showEnvVarsInLog = 0;
		};
		E93361540FD3A8DC29234C1D /* [CP] Check Pods Manifest.lock */ = {
			isa = PBXShellScriptBuildPhase;
			buildActionMask = 2147483647;
			files = (
			);
			inputPaths = (
				"${PODS_PODFILE_DIR_PATH}/Podfile.lock",
				"${PODS_ROOT}/Manifest.lock",
			);
			name = "[CP] Check Pods Manifest.lock";
			outputPaths = (
				"$(DERIVED_FILE_DIR)/Pods-StudyQuizIOS-checkManifestLockResult.txt",
			);
			runOnlyForDeploymentPostprocessing = 0;
			shellPath = /bin/sh;
			shellScript = "diff \"${PODS_PODFILE_DIR_PATH}/Podfile.lock\" \"${PODS_ROOT}/Manifest.lock\" > /dev/null\nif [ $? != 0 ] ; then\n    # print error to STDERR\n    echo \"error: The sandbox is not in sync with the Podfile.lock. Run 'pod install' or update your CocoaPods installation.\" >&2\n    exit 1\nfi\n# This output is used by Xcode 'outputs' to avoid re-running this script phase.\necho \"SUCCESS\" > \"${SCRIPT_OUTPUT_FILE_0}\"\n";
			showEnvVarsInLog = 0;
		};
/* End PBXShellScriptBuildPhase section */

/* Begin PBXSourcesBuildPhase section */
		BF4EB3B91FDE914E009D9726 /* Sources */ = {
			isa = PBXSourcesBuildPhase;
			buildActionMask = 2147483647;
			files = (
				BF4EB3C31FDE914E009D9726 /* ViewController.swift in Sources */,
				BF4EB3C91FDE914E009D9726 /* StudyQuizIOS.xcdatamodeld in Sources */,
				BF4EB3C11FDE914E009D9726 /* AppDelegate.swift in Sources */,
			);
			runOnlyForDeploymentPostprocessing = 0;
		};
/* End PBXSourcesBuildPhase section */

/* Begin PBXVariantGroup section */
		BF4EB3C41FDE914E009D9726 /* Main.storyboard */ = {
			isa = PBXVariantGroup;
			children = (
				BF4EB3C51FDE914E009D9726 /* Base */,
			);
			name = Main.storyboard;
			sourceTree = "<group>";
		};
		BF4EB3CC1FDE914E009D9726 /* LaunchScreen.storyboard */ = {
			isa = PBXVariantGroup;
			children = (
				BF4EB3CD1FDE914E009D9726 /* Base */,
			);
			name = LaunchScreen.storyboard;
			sourceTree = "<group>";
		};
/* End PBXVariantGroup section */

/* Begin XCBuildConfiguration section */
		BF4EB3D01FDE914E009D9726 /* Debug */ = {
			isa = XCBuildConfiguration;
			buildSettings = {
				ALWAYS_SEARCH_USER_PATHS = NO;
				CLANG_ANALYZER_NONNULL = YES;
				CLANG_ANALYZER_NUMBER_OBJECT_CONVERSION = YES_AGGRESSIVE;
				CLANG_CXX_LANGUAGE_STANDARD = "gnu++14";
				CLANG_CXX_LIBRARY = "libc++";
				CLANG_ENABLE_MODULES = YES;
				CLANG_ENABLE_OBJC_ARC = YES;
				CLANG_WARN_BLOCK_CAPTURE_AUTORELEASING = YES;
				CLANG_WARN_BOOL_CONVERSION = YES;
				CLANG_WARN_COMMA = YES;
				CLANG_WARN_CONSTANT_CONVERSION = YES;
				CLANG_WARN_DIRECT_OBJC_ISA_USAGE = YES_ERROR;
				CLANG_WARN_DOCUMENTATION_COMMENTS = YES;
				CLANG_WARN_EMPTY_BODY = YES;
				CLANG_WARN_ENUM_CONVERSION = YES;
				CLANG_WARN_INFINITE_RECURSION = YES;
				CLANG_WARN_INT_CONVERSION = YES;
				CLANG_WARN_NON_LITERAL_NULL_CONVERSION = YES;
				CLANG_WARN_OBJC_LITERAL_CONVERSION = YES;
				CLANG_WARN_OBJC_ROOT_CLASS = YES_ERROR;
				CLANG_WARN_RANGE_LOOP_ANALYSIS = YES;
				CLANG_WARN_STRICT_PROTOTYPES = YES;
				CLANG_WARN_SUSPICIOUS_MOVE = YES;
				CLANG_WARN_UNGUARDED_AVAILABILITY = YES_AGGRESSIVE;
				CLANG_WARN_UNREACHABLE_CODE = YES;
				CLANG_WARN__DUPLICATE_METHOD_MATCH = YES;
				CODE_SIGN_IDENTITY = "iPhone Developer";
				COPY_PHASE_STRIP = NO;
				DEBUG_INFORMATION_FORMAT = dwarf;
				ENABLE_STRICT_OBJC_MSGSEND = YES;
				ENABLE_TESTABILITY = YES;
				GCC_C_LANGUAGE_STANDARD = gnu11;
				GCC_DYNAMIC_NO_PIC = NO;
				GCC_NO_COMMON_BLOCKS = YES;
				GCC_OPTIMIZATION_LEVEL = 0;
				GCC_PREPROCESSOR_DEFINITIONS = (
					"DEBUG=1",
					"$(inherited)",
				);
				GCC_WARN_64_TO_32_BIT_CONVERSION = YES;
				GCC_WARN_ABOUT_RETURN_TYPE = YES_ERROR;
				GCC_WARN_UNDECLARED_SELECTOR = YES;
				GCC_WARN_UNINITIALIZED_AUTOS = YES_AGGRESSIVE;
				GCC_WARN_UNUSED_FUNCTION = YES;
				GCC_WARN_UNUSED_VARIABLE = YES;
				IPHONEOS_DEPLOYMENT_TARGET = 11.2;
				MTL_ENABLE_DEBUG_INFO = YES;
				ONLY_ACTIVE_ARCH = YES;
				SDKROOT = iphoneos;
				SWIFT_ACTIVE_COMPILATION_CONDITIONS = DEBUG;
				SWIFT_OPTIMIZATION_LEVEL = "-Onone";
			};
			name = Debug;
		};
		BF4EB3D11FDE914E009D9726 /* Release */ = {
			isa = XCBuildConfiguration;
			buildSettings = {
				ALWAYS_SEARCH_USER_PATHS = NO;
				CLANG_ANALYZER_NONNULL = YES;
				CLANG_ANALYZER_NUMBER_OBJECT_CONVERSION = YES_AGGRESSIVE;
				CLANG_CXX_LANGUAGE_STANDARD = "gnu++14";
				CLANG_CXX_LIBRARY = "libc++";
				CLANG_ENABLE_MODULES = YES;
				CLANG_ENABLE_OBJC_ARC = YES;
				CLANG_WARN_BLOCK_CAPTURE_AUTORELEASING = YES;
				CLANG_WARN_BOOL_CONVERSION = YES;
				CLANG_WARN_COMMA = YES;
				CLANG_WARN_CONSTANT_CONVERSION = YES;
				CLANG_WARN_DIRECT_OBJC_ISA_USAGE = YES_ERROR;
				CLANG_WARN_DOCUMENTATION_COMMENTS = YES;
				CLANG_WARN_EMPTY_BODY = YES;
				CLANG_WARN_ENUM_CONVERSION = YES;
				CLANG_WARN_INFINITE_RECURSION = YES;
				CLANG_WARN_INT_CONVERSION = YES;
				CLANG_WARN_NON_LITERAL_NULL_CONVERSION = YES;
				CLANG_WARN_OBJC_LITERAL_CONVERSION = YES;
				CLANG_WARN_OBJC_ROOT_CLASS = YES_ERROR;
				CLANG_WARN_RANGE_LOOP_ANALYSIS = YES;
				CLANG_WARN_STRICT_PROTOTYPES = YES;
				CLANG_WARN_SUSPICIOUS_MOVE = YES;
				CLANG_WARN_UNGUARDED_AVAILABILITY = YES_AGGRESSIVE;
				CLANG_WARN_UNREACHABLE_CODE = YES;
				CLANG_WARN__DUPLICATE_METHOD_MATCH = YES;
				CODE_SIGN_IDENTITY = "iPhone Developer";
				COPY_PHASE_STRIP = NO;
				DEBUG_INFORMATION_FORMAT = "dwarf-with-dsym";
				ENABLE_NS_ASSERTIONS = NO;
				ENABLE_STRICT_OBJC_MSGSEND = YES;
				GCC_C_LANGUAGE_STANDARD = gnu11;
				GCC_NO_COMMON_BLOCKS = YES;
				GCC_WARN_64_TO_32_BIT_CONVERSION = YES;
				GCC_WARN_ABOUT_RETURN_TYPE = YES_ERROR;
				GCC_WARN_UNDECLARED_SELECTOR = YES;
				GCC_WARN_UNINITIALIZED_AUTOS = YES_AGGRESSIVE;
				GCC_WARN_UNUSED_FUNCTION = YES;
				GCC_WARN_UNUSED_VARIABLE = YES;
				IPHONEOS_DEPLOYMENT_TARGET = 11.2;
				MTL_ENABLE_DEBUG_INFO = NO;
				SDKROOT = iphoneos;
				SWIFT_OPTIMIZATION_LEVEL = "-Owholemodule";
				VALIDATE_PRODUCT = YES;
			};
			name = Release;
		};
		BF4EB3D31FDE914E009D9726 /* Debug */ = {
			isa = XCBuildConfiguration;
			baseConfigurationReference = 337614DB5443C9FA152081F5 /* Pods-StudyQuizIOS.debug.xcconfig */;
			buildSettings = {
				ASSETCATALOG_COMPILER_APPICON_NAME = AppIcon;
				CODE_SIGN_STYLE = Automatic;
				DEVELOPMENT_TEAM = PQT9G6B78G;
				INFOPLIST_FILE = StudyQuizIOS/Info.plist;
				LD_RUNPATH_SEARCH_PATHS = "$(inherited) @executable_path/Frameworks";
				PRODUCT_BUNDLE_IDENTIFIER = com.phuongnt.StudyQuizIOS;
				PRODUCT_NAME = "$(TARGET_NAME)";
				SWIFT_VERSION = 4.0;
				TARGETED_DEVICE_FAMILY = "1,2";
			};
			name = Debug;
		};
		BF4EB3D41FDE914E009D9726 /* Release */ = {
			isa = XCBuildConfiguration;
			baseConfigurationReference = E73A0EFDDB55727E18C8FF95 /* Pods-StudyQuizIOS.release.xcconfig */;
			buildSettings = {
				ASSETCATALOG_COMPILER_APPICON_NAME = AppIcon;
				CODE_SIGN_STYLE = Automatic;
				DEVELOPMENT_TEAM = PQT9G6B78G;
				INFOPLIST_FILE = StudyQuizIOS/Info.plist;
				LD_RUNPATH_SEARCH_PATHS = "$(inherited) @executable_path/Frameworks";
				PRODUCT_BUNDLE_IDENTIFIER = com.phuongnt.StudyQuizIOS;
				PRODUCT_NAME = "$(TARGET_NAME)";
				SWIFT_VERSION = 4.0;
				TARGETED_DEVICE_FAMILY = "1,2";
			};
			name = Release;
		};
/* End XCBuildConfiguration section */

/* Begin XCConfigurationList section */
		BF4EB3B81FDE914E009D9726 /* Build configuration list for PBXProject "StudyQuizIOS" */ = {
			isa = XCConfigurationList;
			buildConfigurations = (
				BF4EB3D01FDE914E009D9726 /* Debug */,
				BF4EB3D11FDE914E009D9726 /* Release */,
			);
			defaultConfigurationIsVisible = 0;
			defaultConfigurationName = Release;
		};
		BF4EB3D21FDE914E009D9726 /* Build configuration list for PBXNativeTarget "StudyQuizIOS" */ = {
			isa = XCConfigurationList;
			buildConfigurations = (
				BF4EB3D31FDE914E009D9726 /* Debug */,
				BF4EB3D41FDE914E009D9726 /* Release */,
			);
			defaultConfigurationIsVisible = 0;
			defaultConfigurationName = Release;
		};
/* End XCConfigurationList section */

/* Begin XCVersionGroup section */
		BF4EB3C71FDE914E009D9726 /* StudyQuizIOS.xcdatamodeld */ = {
			isa = XCVersionGroup;
			children = (
				BF4EB3C81FDE914E009D9726 /* StudyQuizIOS.xcdatamodel */,
			);
			currentVersion = BF4EB3C81FDE914E009D9726 /* StudyQuizIOS.xcdatamodel */;
			path = StudyQuizIOS.xcdatamodeld;
			sourceTree = "<group>";
			versionGroupType = wrapper.xcdatamodel;
		};
/* End XCVersionGroup section */
	};
	rootObject = BF4EB3B51FDE914E009D9726 /* Project object */;
}
